
Microsoft Visual Studio Solution File, Format Version 12.00
# Visual Studio Version 17
VisualStudioVersion = 17.3.32929.385
MinimumVisualStudioVersion = 10.0.40219.1
Project("{FAE04EC0-301F-11D3-BF4B-00C04F79EFBC}") = "Critters", "Critters.csproj", "{A8C4EE98-0494-47BC-AD62-01DC6F383944}"
EndProject
Global
	GlobalSection(SolutionConfigurationPlatforms) = preSolution
		Debug|Any CPU = Debug|Any CPU
		Release|Any CPU = Release|Any CPU
	EndGlobalSection
	GlobalSection(ProjectConfigurationPlatforms) = postSolution
		{A8C4EE98-0494-47BC-AD62-01DC6F383944}.Debug|Any CPU.ActiveCfg = Debug|Any CPU
		{A8C4EE98-0494-47BC-AD62-01DC6F383944}.Debug|Any CPU.Build.0 = Debug|Any CPU
		{A8C4EE98-0494-47BC-AD62-01DC6F383944}.Release|Any CPU.ActiveCfg = Release|Any CPU
		{A8C4EE98-0494-47BC-AD62-01DC6F383944}.Release|Any CPU.Build.0 = Release|Any CPU
	EndGlobalSection
	GlobalSection(SolutionProperties) = preSolution
		HideSolutionNode = FALSE
	EndGlobalSection
	GlobalSection(ExtensibilityGlobals) = postSolution
		SolutionGuid = {00038F55-9F66-4428-944B-7690C8AC0C2B}
	EndGlobalSection
EndGlobal
